
Microsoft Visual Studio Solution File, Format Version 12.00
# Visual Studio Version 17
VisualStudioVersion = 17.14.36310.24
MinimumVisualStudioVersion = 10.0.40219.1
Project("{FAE04EC0-301F-11D3-BF4B-00C04F79EFBC}") = "Inkwell", "Inkwell\Inkwell.csproj", "{65C4348E-9457-425F-9BF6-AD0CE342C89B}"
EndProject
Project("{FAE04EC0-301F-11D3-BF4B-00C04F79EFBC}") = "fmi", "..\fmi\fmi\fmi.csproj", "{5CDBF75B-4888-B6BE-AC82-17C341FF39A0}"
EndProject
Global
	GlobalSection(SolutionConfigurationPlatforms) = preSolution
		Debug|Any CPU = Debug|Any CPU
		Release|Any CPU = Release|Any CPU
	EndGlobalSection
	GlobalSection(ProjectConfigurationPlatforms) = postSolution
		{65C4348E-9457-425F-9BF6-AD0CE342C89B}.Debug|Any CPU.ActiveCfg = Debug|Any CPU
		{65C4348E-9457-425F-9BF6-AD0CE342C89B}.Debug|Any CPU.Build.0 = Debug|Any CPU
		{65C4348E-9457-425F-9BF6-AD0CE342C89B}.Release|Any CPU.ActiveCfg = Release|Any CPU
		{65C4348E-9457-425F-9BF6-AD0CE342C89B}.Release|Any CPU.Build.0 = Release|Any CPU
		{5CDBF75B-4888-B6BE-AC82-17C341FF39A0}.Debug|Any CPU.ActiveCfg = Debug|Any CPU
		{5CDBF75B-4888-B6BE-AC82-17C341FF39A0}.Debug|Any CPU.Build.0 = Debug|Any CPU
		{5CDBF75B-4888-B6BE-AC82-17C341FF39A0}.Release|Any CPU.ActiveCfg = Release|Any CPU
		{5CDBF75B-4888-B6BE-AC82-17C341FF39A0}.Release|Any CPU.Build.0 = Release|Any CPU
	EndGlobalSection
	GlobalSection(SolutionProperties) = preSolution
		HideSolutionNode = FALSE
	EndGlobalSection
	GlobalSection(ExtensibilityGlobals) = postSolution
		SolutionGuid = {9FBC6408-A6BA-487D-B3B9-A0AFB1E19D95}
	EndGlobalSection
EndGlobal
